
Microsoft Visual Studio Solution File, Format Version 12.00
# Visual Studio Version 16
VisualStudioVersion = 16.0.30204.135
MinimumVisualStudioVersion = 10.0.40219.1
Project("{FAE04EC0-301F-11D3-BF4B-00C04F79EFBC}") = "FinalProgramacion", "FinalProgramacion\FinalProgramacion.csproj", "{F6E4E08C-F415-4188-BBD3-6F002386795E}"
EndProject
Global
	GlobalSection(SolutionConfigurationPlatforms) = preSolution
		Debug|Any CPU = Debug|Any CPU
		Release|Any CPU = Release|Any CPU
	EndGlobalSection
	GlobalSection(ProjectConfigurationPlatforms) = postSolution
		{F6E4E08C-F415-4188-BBD3-6F002386795E}.Debug|Any CPU.ActiveCfg = Debug|Any CPU
		{F6E4E08C-F415-4188-BBD3-6F002386795E}.Debug|Any CPU.Build.0 = Debug|Any CPU
		{F6E4E08C-F415-4188-BBD3-6F002386795E}.Release|Any CPU.ActiveCfg = Release|Any CPU
		{F6E4E08C-F415-4188-BBD3-6F002386795E}.Release|Any CPU.Build.0 = Release|Any CPU
	EndGlobalSection
	GlobalSection(SolutionProperties) = preSolution
		HideSolutionNode = FALSE
	EndGlobalSection
	GlobalSection(ExtensibilityGlobals) = postSolution
		SolutionGuid = {10729EBD-CB4F-4078-AE6E-B0FBAA628DB3}
	EndGlobalSection
EndGlobal
